
Microsoft Visual Studio Solution File, Format Version 11.00
# Visual Studio 2010
Project("{FAE04EC0-301F-11D3-BF4B-00C04F79EFBC}") = "SimpleWebTransport", "SimpleWebTransport.csproj", "{1f9b161a-92ea-22d4-3649-b857b5e8daef}"
EndProject
Project("{FAE04EC0-301F-11D3-BF4B-00C04F79EFBC}") = "Mirror", "Mirror.csproj", "{553f7742-8ee2-27b3-d8ea-4ac8e4055117}"
EndProject
Project("{FAE04EC0-301F-11D3-BF4B-00C04F79EFBC}") = "Mirror.Components", "Mirror.Components.csproj", "{09dbb697-d9a4-f7e4-3826-9b5b4c876eb8}"
EndProject
Project("{FAE04EC0-301F-11D3-BF4B-00C04F79EFBC}") = "Telepathy", "Telepathy.csproj", "{494807e5-a04d-4873-591a-2c6684fd7e47}"
EndProject
Project("{FAE04EC0-301F-11D3-BF4B-00C04F79EFBC}") = "kcp2k", "kcp2k.csproj", "{a5051500-df16-3e8b-67c6-3ef488a87c23}"
EndProject
Project("{FAE04EC0-301F-11D3-BF4B-00C04F79EFBC}") = "where-allocations", "where-allocations.csproj", "{07e2a884-f5a6-d36c-f96a-fc73672ea0b2}"
EndProject
Project("{FAE04EC0-301F-11D3-BF4B-00C04F79EFBC}") = "Assembly-CSharp", "Assembly-CSharp.csproj", "{335c3752-318b-1f0d-114c-0ec8216047dc}"
EndProject
Project("{FAE04EC0-301F-11D3-BF4B-00C04F79EFBC}") = "Mirror.Authenticators", "Mirror.Authenticators.csproj", "{a3f247d7-4581-4351-590e-4be9d49cdf2d}"
EndProject
Project("{FAE04EC0-301F-11D3-BF4B-00C04F79EFBC}") = "Unity.Mirror.CodeGen", "Unity.Mirror.CodeGen.csproj", "{450fd330-36dd-6f9a-c5d1-38ff1f6775ba}"
EndProject
Project("{FAE04EC0-301F-11D3-BF4B-00C04F79EFBC}") = "ParrelSync", "ParrelSync.csproj", "{54333491-20a7-d025-a0a5-6e26fc8dfc1b}"
EndProject
Project("{FAE04EC0-301F-11D3-BF4B-00C04F79EFBC}") = "Mirror.Editor", "Mirror.Editor.csproj", "{9c809eb7-6595-2698-1c3c-05f5e5a9dd84}"
EndProject
Project("{FAE04EC0-301F-11D3-BF4B-00C04F79EFBC}") = "Mirror.CompilerSymbols", "Mirror.CompilerSymbols.csproj", "{45caee1f-6b09-d30a-8c22-a20073374315}"
EndProject
Global
	GlobalSection(SolutionConfigurationPlatforms) = preSolution
		Debug|Any CPU = Debug|Any CPU
	EndGlobalSection
	GlobalSection(ProjectConfigurationPlatforms) = postSolution
		{1f9b161a-92ea-22d4-3649-b857b5e8daef}.Debug|Any CPU.ActiveCfg = Debug|Any CPU
		{1f9b161a-92ea-22d4-3649-b857b5e8daef}.Debug|Any CPU.Build.0 = Debug|Any CPU
		{553f7742-8ee2-27b3-d8ea-4ac8e4055117}.Debug|Any CPU.ActiveCfg = Debug|Any CPU
		{553f7742-8ee2-27b3-d8ea-4ac8e4055117}.Debug|Any CPU.Build.0 = Debug|Any CPU
		{09dbb697-d9a4-f7e4-3826-9b5b4c876eb8}.Debug|Any CPU.ActiveCfg = Debug|Any CPU
		{09dbb697-d9a4-f7e4-3826-9b5b4c876eb8}.Debug|Any CPU.Build.0 = Debug|Any CPU
		{494807e5-a04d-4873-591a-2c6684fd7e47}.Debug|Any CPU.ActiveCfg = Debug|Any CPU
		{494807e5-a04d-4873-591a-2c6684fd7e47}.Debug|Any CPU.Build.0 = Debug|Any CPU
		{a5051500-df16-3e8b-67c6-3ef488a87c23}.Debug|Any CPU.ActiveCfg = Debug|Any CPU
		{a5051500-df16-3e8b-67c6-3ef488a87c23}.Debug|Any CPU.Build.0 = Debug|Any CPU
		{07e2a884-f5a6-d36c-f96a-fc73672ea0b2}.Debug|Any CPU.ActiveCfg = Debug|Any CPU
		{07e2a884-f5a6-d36c-f96a-fc73672ea0b2}.Debug|Any CPU.Build.0 = Debug|Any CPU
		{335c3752-318b-1f0d-114c-0ec8216047dc}.Debug|Any CPU.ActiveCfg = Debug|Any CPU
		{335c3752-318b-1f0d-114c-0ec8216047dc}.Debug|Any CPU.Build.0 = Debug|Any CPU
		{a3f247d7-4581-4351-590e-4be9d49cdf2d}.Debug|Any CPU.ActiveCfg = Debug|Any CPU
		{a3f247d7-4581-4351-590e-4be9d49cdf2d}.Debug|Any CPU.Build.0 = Debug|Any CPU
		{450fd330-36dd-6f9a-c5d1-38ff1f6775ba}.Debug|Any CPU.ActiveCfg = Debug|Any CPU
		{450fd330-36dd-6f9a-c5d1-38ff1f6775ba}.Debug|Any CPU.Build.0 = Debug|Any CPU
		{54333491-20a7-d025-a0a5-6e26fc8dfc1b}.Debug|Any CPU.ActiveCfg = Debug|Any CPU
		{54333491-20a7-d025-a0a5-6e26fc8dfc1b}.Debug|Any CPU.Build.0 = Debug|Any CPU
		{9c809eb7-6595-2698-1c3c-05f5e5a9dd84}.Debug|Any CPU.ActiveCfg = Debug|Any CPU
		{9c809eb7-6595-2698-1c3c-05f5e5a9dd84}.Debug|Any CPU.Build.0 = Debug|Any CPU
		{45caee1f-6b09-d30a-8c22-a20073374315}.Debug|Any CPU.ActiveCfg = Debug|Any CPU
		{45caee1f-6b09-d30a-8c22-a20073374315}.Debug|Any CPU.Build.0 = Debug|Any CPU
	EndGlobalSection
	GlobalSection(SolutionProperties) = preSolution
		HideSolutionNode = FALSE
	EndGlobalSection
EndGlobal
